
Microsoft Visual Studio Solution File, Format Version 12.00
# Visual Studio Version 16
VisualStudioVersion = 16.0.31702.278
MinimumVisualStudioVersion = 10.0.40219.1
Project("{FAE04EC0-301F-11D3-BF4B-00C04F79EFBC}") = "Bisseccao", "Bisseccao\Bisseccao.csproj", "{DC88812F-13B3-4AD2-B602-03153CD2EBAB}"
EndProject
Global
	GlobalSection(SolutionConfigurationPlatforms) = preSolution
		Debug|Any CPU = Debug|Any CPU
		Release|Any CPU = Release|Any CPU
	EndGlobalSection
	GlobalSection(ProjectConfigurationPlatforms) = postSolution
		{DC88812F-13B3-4AD2-B602-03153CD2EBAB}.Debug|Any CPU.ActiveCfg = Debug|Any CPU
		{DC88812F-13B3-4AD2-B602-03153CD2EBAB}.Debug|Any CPU.Build.0 = Debug|Any CPU
		{DC88812F-13B3-4AD2-B602-03153CD2EBAB}.Release|Any CPU.ActiveCfg = Release|Any CPU
		{DC88812F-13B3-4AD2-B602-03153CD2EBAB}.Release|Any CPU.Build.0 = Release|Any CPU
	EndGlobalSection
	GlobalSection(SolutionProperties) = preSolution
		HideSolutionNode = FALSE
	EndGlobalSection
	GlobalSection(ExtensibilityGlobals) = postSolution
		SolutionGuid = {B92DD87B-5A9D-4FE1-B4BF-DE86B4E04296}
	EndGlobalSection
EndGlobal
